// !$*UTF8*$!
{
	archiveVersion = 1;
	classes = {
	};
	objectVersion = 55;
	objects = {

/* Begin PBXBuildFile section */
		2C1CCFA827612640009BE6F8 /* Weather.swift in Sources */ = {isa = PBXBuildFile; fileRef = 2C1CCFA727612640009BE6F8 /* Weather.swift */; };
		2C1CCFAA27612651009BE6F8 /* WeatherModel.swift in Sources */ = {isa = PBXBuildFile; fileRef = 2C1CCFA927612651009BE6F8 /* WeatherModel.swift */; };
		2C1CCFAC27614248009BE6F8 /* TableViewController.swift in Sources */ = {isa = PBXBuildFile; fileRef = 2C1CCFAB27614248009BE6F8 /* TableViewController.swift */; };
		2C1CCFAE2761435B009BE6F8 /* AddLocationViewController.swift in Sources */ = {isa = PBXBuildFile; fileRef = 2C1CCFAD2761435B009BE6F8 /* AddLocationViewController.swift */; };
		2C1CCFB127616BB2009BE6F8 /* Kingfisher in Frameworks */ = {isa = PBXBuildFile; productRef = 2C1CCFB027616BB2009BE6F8 /* Kingfisher */; };
		2C1CCFB6276177A4009BE6F8 /* Localizable.strings in Resources */ = {isa = PBXBuildFile; fileRef = 2C1CCFB8276177A4009BE6F8 /* Localizable.strings */; };
		2C1CCFBB27618272009BE6F8 /* DetailsViewController.swift in Sources */ = {isa = PBXBuildFile; fileRef = 2C1CCFBA27618272009BE6F8 /* DetailsViewController.swift */; };
		2CC182E9276083B000D467DE /* AppDelegate.swift in Sources */ = {isa = PBXBuildFile; fileRef = 2CC182E8276083B000D467DE /* AppDelegate.swift */; };
		2CC182EB276083B000D467DE /* SceneDelegate.swift in Sources */ = {isa = PBXBuildFile; fileRef = 2CC182EA276083B000D467DE /* SceneDelegate.swift */; };
		2CC182ED276083B000D467DE /* ViewController.swift in Sources */ = {isa = PBXBuildFile; fileRef = 2CC182EC276083B000D467DE /* ViewController.swift */; };
		2CC182F0276083B000D467DE /* Main.storyboard in Resources */ = {isa = PBXBuildFile; fileRef = 2CC182EE276083B000D467DE /* Main.storyboard */; };
		2CC182F2276083B100D467DE /* Assets.xcassets in Resources */ = {isa = PBXBuildFile; fileRef = 2CC182F1276083B100D467DE /* Assets.xcassets */; };
		2CC182F5276083B100D467DE /* LaunchScreen.storyboard in Resources */ = {isa = PBXBuildFile; fileRef = 2CC182F3276083B100D467DE /* LaunchScreen.storyboard */; };
/* End PBXBuildFile section */

/* Begin PBXFileReference section */
		2C1CCFA727612640009BE6F8 /* Weather.swift */ = {isa = PBXFileReference; lastKnownFileType = sourcecode.swift; path = Weather.swift; sourceTree = "<group>"; };
		2C1CCFA927612651009BE6F8 /* WeatherModel.swift */ = {isa = PBXFileReference; lastKnownFileType = sourcecode.swift; path = WeatherModel.swift; sourceTree = "<group>"; };
		2C1CCFAB27614248009BE6F8 /* TableViewController.swift */ = {isa = PBXFileReference; lastKnownFileType = sourcecode.swift; path = TableViewController.swift; sourceTree = "<group>"; };
		2C1CCFAD2761435B009BE6F8 /* AddLocationViewController.swift */ = {isa = PBXFileReference; lastKnownFileType = sourcecode.swift; path = AddLocationViewController.swift; sourceTree = "<group>"; };
		2C1CCFB42761776D009BE6F8 /* es */ = {isa = PBXFileReference; lastKnownFileType = text.plist.strings; name = es; path = es.lproj/Main.strings; sourceTree = "<group>"; };
		2C1CCFB52761776E009BE6F8 /* es */ = {isa = PBXFileReference; lastKnownFileType = text.plist.strings; name = es; path = es.lproj/LaunchScreen.strings; sourceTree = "<group>"; };
		2C1CCFB7276177A4009BE6F8 /* es */ = {isa = PBXFileReference; lastKnownFileType = text.plist.strings; name = es; path = es.lproj/Localizable.strings; sourceTree = "<group>"; };
		2C1CCFB9276177AC009BE6F8 /* en */ = {isa = PBXFileReference; lastKnownFileType = text.plist.strings; name = en; path = en.lproj/Localizable.strings; sourceTree = "<group>"; };
		2C1CCFBA27618272009BE6F8 /* DetailsViewController.swift */ = {isa = PBXFileReference; lastKnownFileType = sourcecode.swift; path = DetailsViewController.swift; sourceTree = "<group>"; };
		2CC182E5276083B000D467DE /* RandallLeFinalProject.app */ = {isa = PBXFileReference; explicitFileType = wrapper.application; includeInIndex = 0; path = RandallLeFinalProject.app; sourceTree = BUILT_PRODUCTS_DIR; };
		2CC182E8276083B000D467DE /* AppDelegate.swift */ = {isa = PBXFileReference; lastKnownFileType = sourcecode.swift; path = AppDelegate.swift; sourceTree = "<group>"; };
		2CC182EA276083B000D467DE /* SceneDelegate.swift */ = {isa = PBXFileReference; lastKnownFileType = sourcecode.swift; path = SceneDelegate.swift; sourceTree = "<group>"; };
		2CC182EC276083B000D467DE /* ViewController.swift */ = {isa = PBXFileReference; lastKnownFileType = sourcecode.swift; path = ViewController.swift; sourceTree = "<group>"; };
		2CC182EF276083B000D467DE /* Base */ = {isa = PBXFileReference; lastKnownFileType = file.storyboard; name = Base; path = Base.lproj/Main.storyboard; sourceTree = "<group>"; };
		2CC182F1276083B100D467DE /* Assets.xcassets */ = {isa = PBXFileReference; lastKnownFileType = folder.assetcatalog; path = Assets.xcassets; sourceTree = "<group>"; };
		2CC182F4276083B100D467DE /* Base */ = {isa = PBXFileReference; lastKnownFileType = file.storyboard; name = Base; path = Base.lproj/LaunchScreen.storyboard; sourceTree = "<group>"; };
		2CC182F6276083B100D467DE /* Info.plist */ = {isa = PBXFileReference; lastKnownFileType = text.plist.xml; path = Info.plist; sourceTree = "<group>"; };
/* End PBXFileReference section */

/* Begin PBXFrameworksBuildPhase section */
		2CC182E2276083B000D467DE /* Frameworks */ = {
			isa = PBXFrameworksBuildPhase;
			buildActionMask = 2147483647;
			files = (
				2C1CCFB127616BB2009BE6F8 /* Kingfisher in Frameworks */,
			);
			runOnlyForDeploymentPostprocessing = 0;
		};
/* End PBXFrameworksBuildPhase section */

/* Begin PBXGroup section */
		2CC182DC276083B000D467DE = {
			isa = PBXGroup;
			children = (
				2C1CCFB8276177A4009BE6F8 /* Localizable.strings */,
				2CC182E7276083B000D467DE /* RandallLeFinalProject */,
				2CC182E6276083B000D467DE /* Products */,
			);
			sourceTree = "<group>";
		};
		2CC182E6276083B000D467DE /* Products */ = {
			isa = PBXGroup;
			children = (
				2CC182E5276083B000D467DE /* RandallLeFinalProject.app */,
			);
			name = Products;
			sourceTree = "<group>";
		};
		2CC182E7276083B000D467DE /* RandallLeFinalProject */ = {
			isa = PBXGroup;
			children = (
				2CC182FF2760846D00D467DE /* Supporting Files */,
				2CC182FE2760844F00D467DE /* Controller */,
				2CC182FD2760844300D467DE /* View */,
				2CC182FC2760843B00D467DE /* Model */,
				2CC182F1276083B100D467DE /* Assets.xcassets */,
				2CC182F6276083B100D467DE /* Info.plist */,
			);
			path = RandallLeFinalProject;
			sourceTree = "<group>";
		};
		2CC182FC2760843B00D467DE /* Model */ = {
			isa = PBXGroup;
			children = (
				2C1CCFA727612640009BE6F8 /* Weather.swift */,
				2C1CCFA927612651009BE6F8 /* WeatherModel.swift */,
			);
			path = Model;
			sourceTree = "<group>";
		};
		2CC182FD2760844300D467DE /* View */ = {
			isa = PBXGroup;
			children = (
				2CC182EE276083B000D467DE /* Main.storyboard */,
				2CC182F3276083B100D467DE /* LaunchScreen.storyboard */,
			);
			path = View;
			sourceTree = "<group>";
		};
		2CC182FE2760844F00D467DE /* Controller */ = {
			isa = PBXGroup;
			children = (
				2CC182EC276083B000D467DE /* ViewController.swift */,
				2C1CCFAB27614248009BE6F8 /* TableViewController.swift */,
				2C1CCFAD2761435B009BE6F8 /* AddLocationViewController.swift */,
				2C1CCFBA27618272009BE6F8 /* DetailsViewController.swift */,
			);
			path = Controller;
			sourceTree = "<group>";
		};
		2CC182FF2760846D00D467DE /* Supporting Files */ = {
			isa = PBXGroup;
			children = (
				2CC182E8276083B000D467DE /* AppDelegate.swift */,
				2CC182EA276083B000D467DE /* SceneDelegate.swift */,
			);
			path = "Supporting Files";
			sourceTree = "<group>";
		};
/* End PBXGroup section */

/* Begin PBXNativeTarget section */
		2CC182E4276083B000D467DE /* RandallLeFinalProject */ = {
			isa = PBXNativeTarget;
			buildConfigurationList = 2CC182F9276083B100D467DE /* Build configuration list for PBXNativeTarget "RandallLeFinalProject" */;
			buildPhases = (
				2CC182E1276083B000D467DE /* Sources */,
				2CC182E2276083B000D467DE /* Frameworks */,
				2CC182E3276083B000D467DE /* Resources */,
			);
			buildRules = (
			);
			dependencies = (
			);
			name = RandallLeFinalProject;
			packageProductDependencies = (
				2C1CCFB027616BB2009BE6F8 /* Kingfisher */,
			);
			productName = RandallLeFinalProject;
			productReference = 2CC182E5276083B000D467DE /* RandallLeFinalProject.app */;
			productType = "com.apple.product-type.application";
		};
/* End PBXNativeTarget section */

/* Begin PBXProject section */
		2CC182DD276083B000D467DE /* Project object */ = {
			isa = PBXProject;
			attributes = {
				BuildIndependentTargetsInParallel = 1;
				LastSwiftUpdateCheck = 1310;
				LastUpgradeCheck = 1310;
				TargetAttributes = {
					2CC182E4276083B000D467DE = {
						CreatedOnToolsVersion = 13.1;
					};
				};
			};
			buildConfigurationList = 2CC182E0276083B000D467DE /* Build configuration list for PBXProject "RandallLeFinalProject" */;
			compatibilityVersion = "Xcode 13.0";
			developmentRegion = en;
			hasScannedForEncodings = 0;
			knownRegions = (
				en,
				Base,
				es,
			);
			mainGroup = 2CC182DC276083B000D467DE;
			packageReferences = (
				2C1CCFAF27616BB2009BE6F8 /* XCRemoteSwiftPackageReference "Kingfisher" */,
			);
			productRefGroup = 2CC182E6276083B000D467DE /* Products */;
			projectDirPath = "";
			projectRoot = "";
			targets = (
				2CC182E4276083B000D467DE /* RandallLeFinalProject */,
			);
		};
/* End PBXProject section */

/* Begin PBXResourcesBuildPhase section */
		2CC182E3276083B000D467DE /* Resources */ = {
			isa = PBXResourcesBuildPhase;
			buildActionMask = 2147483647;
			files = (
				2CC182F5276083B100D467DE /* LaunchScreen.storyboard in Resources */,
				2C1CCFB6276177A4009BE6F8 /* Localizable.strings in Resources */,
				2CC182F2276083B100D467DE /* Assets.xcassets in Resources */,
				2CC182F0276083B000D467DE /* Main.storyboard in Resources */,
			);
			runOnlyForDeploymentPostprocessing = 0;
		};
/* End PBXResourcesBuildPhase section */

/* Begin PBXSourcesBuildPhase section */
		2CC182E1276083B000D467DE /* Sources */ = {
			isa = PBXSourcesBuildPhase;
			buildActionMask = 2147483647;
			files = (
				2CC182ED276083B000D467DE /* ViewController.swift in Sources */,
				2C1CCFAC27614248009BE6F8 /* TableViewController.swift in Sources */,
				2CC182E9276083B000D467DE /* AppDelegate.swift in Sources */,
				2C1CCFBB27618272009BE6F8 /* DetailsViewController.swift in Sources */,
				2C1CCFAE2761435B009BE6F8 /* AddLocationViewController.swift in Sources */,
				2CC182EB276083B000D467DE /* SceneDelegate.swift in Sources */,
				2C1CCFAA27612651009BE6F8 /* WeatherModel.swift in Sources */,
				2C1CCFA827612640009BE6F8 /* Weather.swift in Sources */,
			);
			runOnlyForDeploymentPostprocessing = 0;
		};
/* End PBXSourcesBuildPhase section */

/* Begin PBXVariantGroup section */
		2C1CCFB8276177A4009BE6F8 /* Localizable.strings */ = {
			isa = PBXVariantGroup;
			children = (
				2C1CCFB7276177A4009BE6F8 /* es */,
				2C1CCFB9276177AC009BE6F8 /* en */,
			);
			name = Localizable.strings;
			sourceTree = "<group>";
		};
		2CC182EE276083B000D467DE /* Main.storyboard */ = {
			isa = PBXVariantGroup;
			children = (
				2CC182EF276083B000D467DE /* Base */,
				2C1CCFB42761776D009BE6F8 /* es */,
			);
			name = Main.storyboard;
			sourceTree = "<group>";
		};
		2CC182F3276083B100D467DE /* LaunchScreen.storyboard */ = {
			isa = PBXVariantGroup;
			children = (
				2CC182F4276083B100D467DE /* Base */,
				2C1CCFB52761776E009BE6F8 /* es */,
			);
			name = LaunchScreen.storyboard;
			sourceTree = "<group>";
		};
/* End PBXVariantGroup section */

/* Begin XCBuildConfiguration section */
		2CC182F7276083B100D467DE /* Debug */ = {
			isa = XCBuildConfiguration;
			buildSettings = {
				ALWAYS_SEARCH_USER_PATHS = NO;
				CLANG_ANALYZER_LOCALIZABILITY_NONLOCALIZED = YES;
				CLANG_ANALYZER_NONNULL = YES;
				CLANG_ANALYZER_NUMBER_OBJECT_CONVERSION = YES_AGGRESSIVE;
				CLANG_CXX_LANGUAGE_STANDARD = "gnu++17";
				CLANG_CXX_LIBRARY = "libc++";
				CLANG_ENABLE_MODULES = YES;
				CLANG_ENABLE_OBJC_ARC = YES;
				CLANG_ENABLE_OBJC_WEAK = YES;
				CLANG_WARN_BLOCK_CAPTURE_AUTORELEASING = YES;
				CLANG_WARN_BOOL_CONVERSION = YES;
				CLANG_WARN_COMMA = YES;
				CLANG_WARN_CONSTANT_CONVERSION = YES;
				CLANG_WARN_DEPRECATED_OBJC_IMPLEMENTATIONS = YES;
				CLANG_WARN_DIRECT_OBJC_ISA_USAGE = YES_ERROR;
				CLANG_WARN_DOCUMENTATION_COMMENTS = YES;
				CLANG_WARN_EMPTY_BODY = YES;
				CLANG_WARN_ENUM_CONVERSION = YES;
				CLANG_WARN_INFINITE_RECURSION = YES;
				CLANG_WARN_INT_CONVERSION = YES;
				CLANG_WARN_NON_LITERAL_NULL_CONVERSION = YES;
				CLANG_WARN_OBJC_IMPLICIT_RETAIN_SELF = YES;
				CLANG_WARN_OBJC_LITERAL_CONVERSION = YES;
				CLANG_WARN_OBJC_ROOT_CLASS = YES_ERROR;
				CLANG_WARN_QUOTED_INCLUDE_IN_FRAMEWORK_HEADER = YES;
				CLANG_WARN_RANGE_LOOP_ANALYSIS = YES;
				CLANG_WARN_STRICT_PROTOTYPES = YES;
				CLANG_WARN_SUSPICIOUS_MOVE = YES;
				CLANG_WARN_UNGUARDED_AVAILABILITY = YES_AGGRESSIVE;
				CLANG_WARN_UNREACHABLE_CODE = YES;
				CLANG_WARN__DUPLICATE_METHOD_MATCH = YES;
				COPY_PHASE_STRIP = NO;
				DEBUG_INFORMATION_FORMAT = dwarf;
				ENABLE_STRICT_OBJC_MSGSEND = YES;
				ENABLE_TESTABILITY = YES;
				GCC_C_LANGUAGE_STANDARD = gnu11;
				GCC_DYNAMIC_NO_PIC = NO;
				GCC_NO_COMMON_BLOCKS = YES;
				GCC_OPTIMIZATION_LEVEL = 0;
				GCC_PREPROCESSOR_DEFINITIONS = (
					"DEBUG=1",
					"$(inherited)",
				);
				GCC_WARN_64_TO_32_BIT_CONVERSION = YES;
				GCC_WARN_ABOUT_RETURN_TYPE = YES_ERROR;
				GCC_WARN_UNDECLARED_SELECTOR = YES;
				GCC_WARN_UNINITIALIZED_AUTOS = YES_AGGRESSIVE;
				GCC_WARN_UNUSED_FUNCTION = YES;
				GCC_WARN_UNUSED_VARIABLE = YES;
				IPHONEOS_DEPLOYMENT_TARGET = 15.0;
				MTL_ENABLE_DEBUG_INFO = INCLUDE_SOURCE;
				MTL_FAST_MATH = YES;
				ONLY_ACTIVE_ARCH = YES;
				SDKROOT = iphoneos;
				SWIFT_ACTIVE_COMPILATION_CONDITIONS = DEBUG;
				SWIFT_OPTIMIZATION_LEVEL = "-Onone";
			};
			name = Debug;
		};
		2CC182F8276083B100D467DE /* Release */ = {
			isa = XCBuildConfiguration;
			buildSettings = {
				ALWAYS_SEARCH_USER_PATHS = NO;
				CLANG_ANALYZER_LOCALIZABILITY_NONLOCALIZED = YES;
				CLANG_ANALYZER_NONNULL = YES;
				CLANG_ANALYZER_NUMBER_OBJECT_CONVERSION = YES_AGGRESSIVE;
				CLANG_CXX_LANGUAGE_STANDARD = "gnu++17";
				CLANG_CXX_LIBRARY = "libc++";
				CLANG_ENABLE_MODULES = YES;
				CLANG_ENABLE_OBJC_ARC = YES;
				CLANG_ENABLE_OBJC_WEAK = YES;
				CLANG_WARN_BLOCK_CAPTURE_AUTORELEASING = YES;
				CLANG_WARN_BOOL_CONVERSION = YES;
				CLANG_WARN_COMMA = YES;
				CLANG_WARN_CONSTANT_CONVERSION = YES;
				CLANG_WARN_DEPRECATED_OBJC_IMPLEMENTATIONS = YES;
				CLANG_WARN_DIRECT_OBJC_ISA_USAGE = YES_ERROR;
				CLANG_WARN_DOCUMENTATION_COMMENTS = YES;
				CLANG_WARN_EMPTY_BODY = YES;
				CLANG_WARN_ENUM_CONVERSION = YES;
				CLANG_WARN_INFINITE_RECURSION = YES;
				CLANG_WARN_INT_CONVERSION = YES;
				CLANG_WARN_NON_LITERAL_NULL_CONVERSION = YES;
				CLANG_WARN_OBJC_IMPLICIT_RETAIN_SELF = YES;
				CLANG_WARN_OBJC_LITERAL_CONVERSION = YES;
				CLANG_WARN_OBJC_ROOT_CLASS = YES_ERROR;
				CLANG_WARN_QUOTED_INCLUDE_IN_FRAMEWORK_HEADER = YES;
				CLANG_WARN_RANGE_LOOP_ANALYSIS = YES;
				CLANG_WARN_STRICT_PROTOTYPES = YES;
				CLANG_WARN_SUSPICIOUS_MOVE = YES;
				CLANG_WARN_UNGUARDED_AVAILABILITY = YES_AGGRESSIVE;
				CLANG_WARN_UNREACHABLE_CODE = YES;
				CLANG_WARN__DUPLICATE_METHOD_MATCH = YES;
				COPY_PHASE_STRIP = NO;
				DEBUG_INFORMATION_FORMAT = "dwarf-with-dsym";
				ENABLE_NS_ASSERTIONS = NO;
				ENABLE_STRICT_OBJC_MSGSEND = YES;
				GCC_C_LANGUAGE_STANDARD = gnu11;
				GCC_NO_COMMON_BLOCKS = YES;
				GCC_WARN_64_TO_32_BIT_CONVERSION = YES;
				GCC_WARN_ABOUT_RETURN_TYPE = YES_ERROR;
				GCC_WARN_UNDECLARED_SELECTOR = YES;
				GCC_WARN_UNINITIALIZED_AUTOS = YES_AGGRESSIVE;
				GCC_WARN_UNUSED_FUNCTION = YES;
				GCC_WARN_UNUSED_VARIABLE = YES;
				IPHONEOS_DEPLOYMENT_TARGET = 15.0;
				MTL_ENABLE_DEBUG_INFO = NO;
				MTL_FAST_MATH = YES;
				SDKROOT = iphoneos;
				SWIFT_COMPILATION_MODE = wholemodule;
				SWIFT_OPTIMIZATION_LEVEL = "-O";
				VALIDATE_PRODUCT = YES;
			};
			name = Release;
		};
		2CC182FA276083B100D467DE /* Debug */ = {
			isa = XCBuildConfiguration;
			buildSettings = {
				ASSETCATALOG_COMPILER_APPICON_NAME = AppIcon;
				ASSETCATALOG_COMPILER_GLOBAL_ACCENT_COLOR_NAME = AccentColor;
				CODE_SIGN_STYLE = Automatic;
				CURRENT_PROJECT_VERSION = 1;
				DEVELOPMENT_TEAM = UMHX4Q6995;
				GENERATE_INFOPLIST_FILE = YES;
				INFOPLIST_FILE = RandallLeFinalProject/Info.plist;
				INFOPLIST_KEY_CFBundleDisplayName = Weather.info;
				INFOPLIST_KEY_UIApplicationSupportsIndirectInputEvents = YES;
				INFOPLIST_KEY_UILaunchStoryboardName = LaunchScreen;
				INFOPLIST_KEY_UIMainStoryboardFile = Main;
				INFOPLIST_KEY_UISupportedInterfaceOrientations = UIInterfaceOrientationPortrait;
				INFOPLIST_KEY_UISupportedInterfaceOrientations_iPad = "UIInterfaceOrientationPortrait UIInterfaceOrientationPortraitUpsideDown UIInterfaceOrientationLandscapeLeft UIInterfaceOrientationLandscapeRight";
				INFOPLIST_KEY_UISupportedInterfaceOrientations_iPhone = "UIInterfaceOrientationPortrait UIInterfaceOrientationLandscapeLeft UIInterfaceOrientationLandscapeRight";
				LD_RUNPATH_SEARCH_PATHS = (
					"$(inherited)",
					"@executable_path/Frameworks",
				);
				MARKETING_VERSION = 1.0;
				PRODUCT_BUNDLE_IDENTIFIER = edu.usc.RandallLeFinalProject;
				PRODUCT_NAME = "$(TARGET_NAME)";
				SWIFT_EMIT_LOC_STRINGS = YES;
				SWIFT_VERSION = 5.0;
				TARGETED_DEVICE_FAMILY = "1,2";
			};
			name = Debug;
		};
		2CC182FB276083B100D467DE /* Release */ = {
			isa = XCBuildConfiguration;
			buildSettings = {
				ASSETCATALOG_COMPILER_APPICON_NAME = AppIcon;
				ASSETCATALOG_COMPILER_GLOBAL_ACCENT_COLOR_NAME = AccentColor;
				CODE_SIGN_STYLE = Automatic;
				CURRENT_PROJECT_VERSION = 1;
				DEVELOPMENT_TEAM = UMHX4Q6995;
				GENERATE_INFOPLIST_FILE = YES;
				INFOPLIST_FILE = RandallLeFinalProject/Info.plist;
				INFOPLIST_KEY_CFBundleDisplayName = Weather.info;
				INFOPLIST_KEY_UIApplicationSupportsIndirectInputEvents = YES;
				INFOPLIST_KEY_UILaunchStoryboardName = LaunchScreen;
				INFOPLIST_KEY_UIMainStoryboardFile = Main;
				INFOPLIST_KEY_UISupportedInterfaceOrientations = UIInterfaceOrientationPortrait;
				INFOPLIST_KEY_UISupportedInterfaceOrientations_iPad = "UIInterfaceOrientationPortrait UIInterfaceOrientationPortraitUpsideDown UIInterfaceOrientationLandscapeLeft UIInterfaceOrientationLandscapeRight";
				INFOPLIST_KEY_UISupportedInterfaceOrientations_iPhone = "UIInterfaceOrientationPortrait UIInterfaceOrientationLandscapeLeft UIInterfaceOrientationLandscapeRight";
				LD_RUNPATH_SEARCH_PATHS = (
					"$(inherited)",
					"@executable_path/Frameworks",
				);
				MARKETING_VERSION = 1.0;
				PRODUCT_BUNDLE_IDENTIFIER = edu.usc.RandallLeFinalProject;
				PRODUCT_NAME = "$(TARGET_NAME)";
				SWIFT_EMIT_LOC_STRINGS = YES;
				SWIFT_VERSION = 5.0;
				TARGETED_DEVICE_FAMILY = "1,2";
			};
			name = Release;
		};
/* End XCBuildConfiguration section */

/* Begin XCConfigurationList section */
		2CC182E0276083B000D467DE /* Build configuration list for PBXProject "RandallLeFinalProject" */ = {
			isa = XCConfigurationList;
			buildConfigurations = (
				2CC182F7276083B100D467DE /* Debug */,
				2CC182F8276083B100D467DE /* Release */,
			);
			defaultConfigurationIsVisible = 0;
			defaultConfigurationName = Release;
		};
		2CC182F9276083B100D467DE /* Build configuration list for PBXNativeTarget "RandallLeFinalProject" */ = {
			isa = XCConfigurationList;
			buildConfigurations = (
				2CC182FA276083B100D467DE /* Debug */,
				2CC182FB276083B100D467DE /* Release */,
			);
			defaultConfigurationIsVisible = 0;
			defaultConfigurationName = Release;
		};
/* End XCConfigurationList section */

/* Begin XCRemoteSwiftPackageReference section */
		2C1CCFAF27616BB2009BE6F8 /* XCRemoteSwiftPackageReference "Kingfisher" */ = {
			isa = XCRemoteSwiftPackageReference;
			repositoryURL = "https://github.com/onevcat/Kingfisher.git";
			requirement = {
				kind = upToNextMajorVersion;
				minimumVersion = 7.0.0;
			};
		};
/* End XCRemoteSwiftPackageReference section */

/* Begin XCSwiftPackageProductDependency section */
		2C1CCFB027616BB2009BE6F8 /* Kingfisher */ = {
			isa = XCSwiftPackageProductDependency;
			package = 2C1CCFAF27616BB2009BE6F8 /* XCRemoteSwiftPackageReference "Kingfisher" */;
			productName = Kingfisher;
		};
/* End XCSwiftPackageProductDependency section */
	};
	rootObject = 2CC182DD276083B000D467DE /* Project object */;
}
